github.com/aws/aws-sdk-go v1.54.19 h1:tyWV+07jagrNiCcGRzRhdtVjQs7Vy41NwsuOcl0IbVI=
github.com/aws/aws-sdk-go v1.54.19/go.mod h1:eRwEWoyTWFMVYVQzKMNHWP5/RV4xIUGMQfXQHfHkpNU=
github.com/aws/aws-sdk-go v1.55.5 h1:KKUZBfBoyqy5d3swXyiC7Q76ic40rYcbqH7qjh59kzU=
github.com/aws/aws-sdk-go v1.55.5/go.mod h1:eRwEWoyTWFMVYVQzKMNHWP5/RV4xIUGMQfXQHfHkpNU=
github.com/aws/aws-sdk-go-v2 v1.30.5 h1:mWSRTwQAb0aLE17dSzztCVJWI9+cRMgqebndjwDyK0g=
github.com/aws/aws-sdk-go-v2 v1.30.5/go.mod h1:CT+ZPWXbYrci8chcARI3OmI/qgd+f6WtuLOoaIA8PR0=
github.com/aws/aws-sdk-go-v2 v1.31.0 h1:3V05LbxTSItI5kUqNwhJrrrY1BAXxXt0sN0l72QmG5U=
github.com/aws/aws-sdk-go-v2 v1.31.0/go.mod h1:ztolYtaEUtdpf9Wftr31CJfLVjOnD/CVRkKOOYgF8hA=
github.com/aws/aws-sdk-go-v2 v1.32.0 h1:GuHp7GvMN74PXD5C97KT5D87UhIy4bQPkflQKbfkndg=
github.com/aws/aws-sdk-go-v2 v1.32.0/go.mod h1:2SK5n0a2karNTv5tbP1SjsX0uhttou00v/HpXKM1ZUo=
github.com/aws/aws-sdk-go-v2 v1.32.2 h1:AkNLZEyYMLnx/Q/mSKkcMqwNFXMAvFto9bNsHqcTduI=
github.com/aws/aws-sdk-go-v2 v1.32.2/go.mod h1:2SK5n0a2karNTv5tbP1SjsX0uhttou00v/HpXKM1ZUo=
github.com/aws/aws-sdk-go-v2/aws/protocol/eventstream v1.6.5 h1:xDAuZTn4IMm8o1LnBZvmrL8JA1io4o3YWNXgohbf20g=
github.com/aws/aws-sdk-go-v2/aws/protocol/eventstream v1.6.5/go.mod h1:wYSv6iDS621sEFLfKvpPE2ugjTuGlAG7iROg0hLOkfc=
github.com/aws/aws-sdk-go-v2/aws/protocol/eventstream v1.6.6 h1:pT3hpW0cOHRJx8Y0DfJUEQuqPild8jRGmSFmBgvydr0=
github.com/aws/aws-sdk-go-v2/aws/protocol/eventstream v1.6.6/go.mod h1:j/I2++U0xX+cr44QjHay4Cvxj6FUbnxrgmqN3H1jTZA=
github.com/aws/aws-sdk-go-v2/config v1.27.37 h1:xaoIwzHVuRWRHFI0jhgEdEGc8xE1l91KaeRDsWEIncU=
github.com/aws/aws-sdk-go-v2/config v1.27.37/go.mod h1:S2e3ax9/8KnMSyRVNd3sWTKs+1clJ2f1U6nE0lpvQRg=
github.com/aws/aws-sdk-go-v2/config v1.27.43 h1:p33fDDihFC390dhhuv8nOmX419wjOSDQRb+USt20RrU=
github.com/aws/aws-sdk-go-v2/config v1.27.43/go.mod h1:pYhbtvg1siOOg8h5an77rXle9tVG8T+BWLWAo7cOukc=
github.com/aws/aws-sdk-go-v2/credentials v1.17.35 h1:7QknrZhYySEB1lEXJxGAmuD5sWwys5ZXNr4m5oEz0IE=
github.com/aws/aws-sdk-go-v2/credentials v1.17.35/go.mod h1:8Vy4kk7at4aPSmibr7K+nLTzG6qUQAUO4tW49fzUV4E=
github.com/aws/aws-sdk-go-v2/credentials v1.17.41 h1:7gXo+Axmp+R4Z+AK8YFQO0ZV3L0gizGINCOWxSLY9W8=
github.com/aws/aws-sdk-go-v2/credentials v1.17.41/go.mod h1:u4Eb8d3394YLubphT4jLEwN1rLNq2wFOlT6OuxFwPzU=
github.com/aws/aws-sdk-go-v2/feature/ec2/imds v1.16.14 h1:C/d03NAmh8C4BZXhuRNboF/DqhBkBCeDiJDcaqIT5pA=
github.com/aws/aws-sdk-go-v2/feature/ec2/imds v1.16.14/go.mod h1:7I0Ju7p9mCIdlrfS+JCgqcYD0VXz/N4yozsox+0o078=
github.com/aws/aws-sdk-go-v2/feature/ec2/imds v1.16.17 h1:TMH3f/SCAWdNtXXVPPu5D6wrr4G5hI1rAxbcocKfC7Q=
github.com/aws/aws-sdk-go-v2/feature/ec2/imds v1.16.17/go.mod h1:1ZRXLdTpzdJb9fwTMXiLipENRxkGMTn1sfKexGllQCw=
github.com/aws/aws-sdk-go-v2/feature/s3/manager v1.17.31 h1:wSC5/HvZBb5q2WJCQ2TX1dVEL2j2qqJxpuC0Y6A6IOE=
github.com/aws/aws-sdk-go-v2/feature/s3/manager v1.17.31/go.mod h1:fXzCjRi6r4VHyYiaPEZerTpIgvEOzMGP/lrhrb0EXk4=
github.com/aws/aws-sdk-go-v2/internal/configsources v1.3.17 h1:pI7Bzt0BJtYA0N/JEC6B8fJ4RBrEMi1LBrkMdFYNSnQ=
github.com/aws/aws-sdk-go-v2/internal/configsources v1.3.17/go.mod h1:Dh5zzJYMtxfIjYW+/evjQ8uj2OyR/ve2KROHGHlSFqE=
github.com/aws/aws-sdk-go-v2/internal/configsources v1.3.18 h1:kYQ3H1u0ANr9KEKlGs/jTLrBFPo8P8NaH/w7A01NeeM=
github.com/aws/aws-sdk-go-v2/internal/configsources v1.3.18/go.mod h1:r506HmK5JDUh9+Mw4CfGJGSSoqIiLCndAuqXuhbv67Y=
github.com/aws/aws-sdk-go-v2/internal/configsources v1.3.19 h1:Q/k5wCeJkSWs+62kDfOillkNIJ5NqmE3iOfm48g/W8c=
github.com/aws/aws-sdk-go-v2/internal/configsources v1.3.19/go.mod h1:Wns1C66VvtA2Bv/cUBuKZKQKdjo7EVMhp90aAa+8oTI=
github.com/aws/aws-sdk-go-v2/internal/configsources v1.3.21 h1:UAsR3xA31QGf79WzpG/ixT9FZvQlh5HY1NRqSHBNOCk=
github.com/aws/aws-sdk-go-v2/internal/configsources v1.3.21/go.mod h1:JNr43NFf5L9YaG3eKTm7HQzls9J+A9YYcGI5Quh1r2Y=
github.com/aws/aws-sdk-go-v2/internal/endpoints/v2 v2.6.17 h1:Mqr/V5gvrhA2gvgnF42Zh5iMiQNcOYthFYwCyrnuWlc=
github.com/aws/aws-sdk-go-v2/internal/endpoints/v2 v2.6.17/go.mod h1:aLJpZlCmjE+V+KtN1q1uyZkfnUWpQGpbsn89XPKyzfU=
github.com/aws/aws-sdk-go-v2/internal/endpoints/v2 v2.6.18 h1:Z7IdFUONvTcvS7YuhtVxN99v2cCoHRXOS4mTr0B/pUc=
github.com/aws/aws-sdk-go-v2/internal/endpoints/v2 v2.6.18/go.mod h1:DkKMmksZVVyat+Y+r1dEOgJEfUeA7UngIHWeKsi0yNc=
github.com/aws/aws-sdk-go-v2/internal/endpoints/v2 v2.6.19 h1:AYLE0lUfKvN6icFTR/p+NmD1amYKTbqHQ1Nm+jwE6BM=
github.com/aws/aws-sdk-go-v2/internal/endpoints/v2 v2.6.19/go.mod h1:1giLakj64GjuH1NBzF/DXqly5DWHtMTaOzRZ53nFX0I=
github.com/aws/aws-sdk-go-v2/internal/endpoints/v2 v2.6.21 h1:6jZVETqmYCadGFvrYEQfC5fAQmlo80CeL5psbno6r0s=
github.com/aws/aws-sdk-go-v2/internal/endpoints/v2 v2.6.21/go.mod h1:1SR0GbLlnN3QUmYaflZNiH1ql+1qrSiB2vwcJ+4UM60=
github.com/aws/aws-sdk-go-v2/internal/ini v1.8.1 h1:VaRN3TlFdd6KxX1x3ILT5ynH6HvKgqdiXoTxAF4HQcQ=
github.com/aws/aws-sdk-go-v2/internal/ini v1.8.1/go.mod h1:FbtygfRFze9usAadmnGJNc8KsP346kEe+y2/oyhGAGc=
github.com/aws/aws-sdk-go-v2/internal/v4a v1.3.18 h1:OWYvKL53l1rbsUmW7bQyJVsYU/Ii3bbAAQIIFNbM0Tk=
github.com/aws/aws-sdk-go-v2/internal/v4a v1.3.18/go.mod h1:CUx0G1v3wG6l01tUB+j7Y8kclA8NSqK4ef0YG79a4cg=
github.com/aws/aws-sdk-go-v2/internal/v4a v1.3.21 h1:7edmS3VOBDhK00b/MwGtGglCm7hhwNYnjJs/PgFdMQE=
github.com/aws/aws-sdk-go-v2/internal/v4a v1.3.21/go.mod h1:Q9o5h4HoIWG8XfzxqiuK/CGUbepCJ8uTlaE3bAbxytQ=
github.com/aws/aws-sdk-go-v2/service/cloudtrail v1.43.1 h1:bJUOXX429c8tTGzdlN+VAMBpJtMa/aodPtwNTJ2FZtA=
github.com/aws/aws-sdk-go-v2/service/cloudtrail v1.43.1/go.mod h1:ODEcuhq+MDaWP9fpgCPcYMKE12pyK5g5W2U0z0nHEiI=
github.com/aws/aws-sdk-go-v2/service/cloudwatchlogs v1.40.3 h1:s4rC9SWlq5hh6EDe+90LNkHuNQ6LOWZ2/7F2GaeOjaA=
github.com/aws/aws-sdk-go-v2/service/cloudwatchlogs v1.40.3/go.mod h1:3p7NzlLlJesNGovq7Vqx8+0UibawzodrBRQAbaza6pI=
github.com/aws/aws-sdk-go-v2/service/configservice v1.49.1 h1:nQIdpTs2/9HAuAwY8aJvoJqciO22vEXPy81JM6BVfcY=
github.com/aws/aws-sdk-go-v2/service/configservice v1.49.1/go.mod h1:Qy3rMJB0ubAZERN7lLz8LFvZsDu3lky1FxgRi9YL1Wo=
github.com/aws/aws-sdk-go-v2/service/ec2 v1.179.0 h1:yCb6SUDqSodc2t8Jqdc35zq9V81a9pyV8SUTBluvA/Q=
github.com/aws/aws-sdk-go-v2/service/ec2 v1.179.0/go.mod h1:W6sNzs5T4VpZn1Vy+FMKw8s24vt5k6zPJXcNOK0asBo=
github.com/aws/aws-sdk-go-v2/service/ec2 v1.179.2 h1:rGBv2N0zWvNTKnxOfbBH4mNM8WMdDNkaxdqtz152G40=
github.com/aws/aws-sdk-go-v2/service/ec2 v1.179.2/go.mod h1:W6sNzs5T4VpZn1Vy+FMKw8s24vt5k6zPJXcNOK0asBo=
github.com/aws/aws-sdk-go-v2/service/guardduty v1.49.0 h1:10aHv80RxKZbzj9euLO+82FABV8OhY5l1uwt7LHMB5s=
github.com/aws/aws-sdk-go-v2/service/guardduty v1.49.0/go.mod h1:Zjz22JW2YXOzJrAhEttcaoY6tQSOvZ1CEOQQ49kCzrg=
github.com/aws/aws-sdk-go-v2/service/iam v1.35.3 h1:bWFkGGea2UoD/m229uuRfT0mu+6pKNB0Kq4U6j/Qz3U=
github.com/aws/aws-sdk-go-v2/service/iam v1.35.3/go.mod h1:PpmEOH3ZTQlDAezieBVdFMjPO1jovUMNPA4OpCtnwbY=
github.com/aws/aws-sdk-go-v2/service/inspector v1.25.2 h1:xiQ70pTvXs9PFYmewDgeICVxRpiQP+cWQZmunV5uYKk=
github.com/aws/aws-sdk-go-v2/service/inspector v1.25.2/go.mod h1:sDcAla3dh7DO6AAdh+29e+rowLaIcw2fxuwNFCIlBuA=
github.com/aws/aws-sdk-go-v2/service/inspector2 v1.32.2 h1:D0nDW7y3KLPGShqF7gaKFRswY8ekG8jsfN4r3CWqAjQ=
github.com/aws/aws-sdk-go-v2/service/inspector2 v1.32.2/go.mod h1:QX+qqJ2RGpNK+KskoCLhZx6CQhVFop10IvEACUJKWTc=
github.com/aws/aws-sdk-go-v2/service/internal/accept-encoding v1.11.5 h1:QFASJGfT8wMXtuP3D5CRmMjARHv9ZmzFUMJznHDOY3w=
github.com/aws/aws-sdk-go-v2/service/internal/accept-encoding v1.11.5/go.mod h1:QdZ3OmoIjSX+8D1OPAzPxDfjXASbBMDsz9qvtyIhtik=
github.com/aws/aws-sdk-go-v2/service/internal/accept-encoding v1.12.0 h1:TToQNkvGguu209puTojY/ozlqy2d/SFNcoLIqTFi42g=
github.com/aws/aws-sdk-go-v2/service/internal/accept-encoding v1.12.0/go.mod h1:0jp+ltwkf+SwG2fm/PKo8t4y8pJSgOCO4D8Lz3k0aHQ=
github.com/aws/aws-sdk-go-v2/service/internal/checksum v1.3.20 h1:rTWjG6AvWekO2B1LHeM3ktU7MqyX9rzWQ7hgzneZW7E=
github.com/aws/aws-sdk-go-v2/service/internal/checksum v1.3.20/go.mod h1:RGW2DDpVc8hu6Y6yG8G5CHVmVOAn1oV8rNKOHRJyswg=
github.com/aws/aws-sdk-go-v2/service/internal/checksum v1.4.2 h1:4FMHqLfk0efmTqhXVRL5xYRqlEBNBiRI7N6w4jsEdd4=
github.com/aws/aws-sdk-go-v2/service/internal/checksum v1.4.2/go.mod h1:LWoqeWlK9OZeJxsROW2RqrSPvQHKTpp69r/iDjwsSaw=
github.com/aws/aws-sdk-go-v2/service/internal/presigned-url v1.11.20 h1:Xbwbmk44URTiHNx6PNo0ujDE6ERlsCKJD3u1zfnzAPg=
github.com/aws/aws-sdk-go-v2/service/internal/presigned-url v1.11.20/go.mod h1:oAfOFzUB14ltPZj1rWwRc3d/6OgD76R8KlvU3EqM9Fg=
github.com/aws/aws-sdk-go-v2/service/internal/presigned-url v1.12.2 h1:s7NA1SOw8q/5c0wr8477yOPp0z+uBaXBnLE0XYb0POA=
github.com/aws/aws-sdk-go-v2/service/internal/presigned-url v1.12.2/go.mod h1:fnjjWyAW/Pj5HYOxl9LJqWtEwS7W2qgcRLWP+uWbss0=
github.com/aws/aws-sdk-go-v2/service/internal/s3shared v1.17.18 h1:eb+tFOIl9ZsUe2259/BKPeniKuz4/02zZFH/i4Nf8Rg=
github.com/aws/aws-sdk-go-v2/service/internal/s3shared v1.17.18/go.mod h1:GVCC2IJNJTmdlyEsSmofEy7EfJncP7DNnXDzRjJ5Keg=
github.com/aws/aws-sdk-go-v2/service/internal/s3shared v1.18.2 h1:t7iUP9+4wdc5lt3E41huP+GvQZJD38WLsgVp4iOtAjg=
github.com/aws/aws-sdk-go-v2/service/internal/s3shared v1.18.2/go.mod h1:/niFCtmuQNxqx9v8WAPq5qh7EH25U4BF6tjoyq9bObM=
github.com/aws/aws-sdk-go-v2/service/macie2 v1.43.2 h1:MbR0vRNd7am1So5hcYho+N11dxzhZbB4qdsi+cmcBp0=
github.com/aws/aws-sdk-go-v2/service/macie2 v1.43.2/go.mod h1:B2FFzz9qQQ8l3MZV/MjMi4ua9VbqcQK8Huuv6066RZ8=
github.com/aws/aws-sdk-go-v2/service/s3 v1.63.1 h1:TR96r56VwELV0qguNFCuz+/bEpRfnR3ZsS9/IG05C7Q=
github.com/aws/aws-sdk-go-v2/service/s3 v1.63.1/go.mod h1:NLTqRLe3pUNu3nTEHI6XlHLKYmc8fbHUdMxAB6+s41Q=
github.com/aws/aws-sdk-go-v2/service/s3 v1.65.2 h1:yi8m+jepdp6foK14xXLGkYBenxnlcfJ45ka4Pg7fDSQ=
github.com/aws/aws-sdk-go-v2/service/s3 v1.65.2/go.mod h1:cB6oAuus7YXRZhWCc1wIwPywwZ1XwweNp2TVAEGYeB8=
github.com/aws/aws-sdk-go-v2/service/ses v1.27.3 h1:i7k9FzwUfv9seln228iz+69OyXZ0FMqhwotSeAlRC7A=
github.com/aws/aws-sdk-go-v2/service/ses v1.27.3/go.mod h1:WJjeWePq/vToxtM4fKbGHiXvInPARrWn8XJ0NOu4KtY=
github.com/aws/aws-sdk-go-v2/service/sns v1.33.0 h1:QuttYvND/OmttAImqJtsZXYJ6bEoUC2qLi29lhw1lss=
github.com/aws/aws-sdk-go-v2/service/sns v1.33.0/go.mod h1:bZXJof3RK1G0NKSmE3NQGBFDIpQD/ayLu7ffN1cCW/E=
github.com/aws/aws-sdk-go-v2/service/ssm v1.54.3 h1:Ctzev3ppcc46m2FgrLEZhsHMEr1G1lrJcd9Cmoy/QJk=
github.com/aws/aws-sdk-go-v2/service/ssm v1.54.3/go.mod h1:qs3TBNpFEnVubl0WL3jruj7NJMF1RCAPEPQ1f+fLTBE=
github.com/aws/aws-sdk-go-v2/service/sso v1.23.1 h1:2jrVsMHqdLD1+PA4BA6Nh1eZp0Gsy3mFSB5MxDvcJtU=
github.com/aws/aws-sdk-go-v2/service/sso v1.23.1/go.mod h1:XRlMvmad0ZNL+75C5FYdMvbbLkd6qiqz6foR1nA1PXY=
github.com/aws/aws-sdk-go-v2/service/sso v1.24.2 h1:bSYXVyUzoTHoKalBmwaZxs97HU9DWWI3ehHSAMa7xOk=
github.com/aws/aws-sdk-go-v2/service/sso v1.24.2/go.mod h1:skMqY7JElusiOUjMJMOv1jJsP7YUg7DrhgqZZWuzu1U=
github.com/aws/aws-sdk-go-v2/service/ssooidc v1.27.1 h1:0L7yGCg3Hb3YQqnSgBTZM5wepougtL1aEccdcdYhHME=
github.com/aws/aws-sdk-go-v2/service/ssooidc v1.27.1/go.mod h1:FnvDM4sfa+isJ3kDXIzAB9GAwVSzFzSy97uZ3IsHo4E=
github.com/aws/aws-sdk-go-v2/service/ssooidc v1.28.2 h1:AhmO1fHINP9vFYUE0LHzCWg/LfUWUF+zFPEcY9QXb7o=
github.com/aws/aws-sdk-go-v2/service/ssooidc v1.28.2/go.mod h1:o8aQygT2+MVP0NaV6kbdE1YnnIM8RRVQzoeUH45GOdI=
github.com/aws/aws-sdk-go-v2/service/sts v1.31.1 h1:8K0UNOkZiK9Uh3HIF6Bx0rcNCftqGCeKmOaR7Gp5BSo=
github.com/aws/aws-sdk-go-v2/service/sts v1.31.1/go.mod h1:yMWe0F+XG0DkRZK5ODZhG7BEFYhLXi2dqGsv6tX0cgI=
github.com/aws/aws-sdk-go-v2/service/sts v1.32.2 h1:CiS7i0+FUe+/YY1GvIBLLrR/XNGZ4CtM1Ll0XavNuVo=
github.com/aws/aws-sdk-go-v2/service/sts v1.32.2/go.mod h1:HtaiBI8CjYoNVde8arShXb94UbQQi9L4EMr6D+xGBwo=
github.com/aws/smithy-go v1.20.4 h1:2HK1zBdPgRbjFOHlfeQZfpC4r72MOb9bZkiFwggKO+4=
github.com/aws/smithy-go v1.20.4/go.mod h1:irrKGvNn1InZwb2d7fkIRNucdfwR8R+Ts3wxYa/cJHg=
github.com/aws/smithy-go v1.21.0 h1:H7L8dtDRk0P1Qm6y0ji7MCYMQObJ5R9CRpyPhRUkLYA=
github.com/aws/smithy-go v1.21.0/go.mod h1:irrKGvNn1InZwb2d7fkIRNucdfwR8R+Ts3wxYa/cJHg=
github.com/aws/smithy-go v1.22.0 h1:uunKnWlcoL3zO7q+gG2Pk53joueEOsnNB28QdMsmiMM=
github.com/aws/smithy-go v1.22.0/go.mod h1:irrKGvNn1InZwb2d7fkIRNucdfwR8R+Ts3wxYa/cJHg=
github.com/davecgh/go-spew v1.1.0/go.mod h1:J7Y8YcW2NihsgmVo/mv3lAwl/skON4iLHjSsI+c5H38=
github.com/davecgh/go-spew v1.1.1/go.mod h1:J7Y8YcW2NihsgmVo/mv3lAwl/skON4iLHjSsI+c5H38=
github.com/davecgh/go-spew v1.1.2-0.20180830191138-d8f796af33cc h1:U9qPSI2PIWSS1VwoXQT9A3Wy9MM3WgvqSxFWenqJduM=
github.com/davecgh/go-spew v1.1.2-0.20180830191138-d8f796af33cc/go.mod h1:J7Y8YcW2NihsgmVo/mv3lAwl/skON4iLHjSsI+c5H38=
github.com/frankban/quicktest v1.14.6 h1:7Xjx+VpznH+oBnejlPUj8oUpdxnVs4f8XU8WnHkI4W8=
github.com/frankban/quicktest v1.14.6/go.mod h1:4ptaffx2x8+WTWXmUCuVU6aPUX1/Mz7zb5vbUoiM6w0=
github.com/fsnotify/fsnotify v1.7.0 h1:8JEhPFa5W2WU7YfeZzPNqzMP6Lwt7L2715Ggo0nosvA=
github.com/fsnotify/fsnotify v1.7.0/go.mod h1:40Bi/Hjc2AVfZrqy+aj+yEI+/bRxZnMJyTJwOpGvigM=
github.com/google/go-cmp v0.6.0 h1:ofyhxvXcZhMsU5ulbFiLKl/XBFqE1GSq7atu8tAmTRI=
github.com/google/go-cmp v0.6.0/go.mod h1:17dUlkBOakJ0+DkrSSNjCkIjxS6bF9zb3elmeNGIjoY=
github.com/hashicorp/hcl v1.0.0 h1:0Anlzjpi4vEasTeNFn2mLJgTSwt0+6sfsiTG8qcWGx4=
github.com/hashicorp/hcl v1.0.0/go.mod h1:E5yfLk+7swimpb2L/Alb/PJmXilQ/rhwaUYs4T20WEQ=
github.com/jmespath/go-jmespath v0.4.0 h1:BEgLn5cpjn8UN1mAw4NjwDrS35OdebyEtFe+9YPoQUg=
github.com/jmespath/go-jmespath v0.4.0/go.mod h1:T8mJZnbsbmF+m6zOOFylbeCJqk5+pHWvzYPziyZiYoo=
github.com/jmespath/go-jmespath/internal/testify v1.5.1 h1:shLQSRRSCCPj3f2gpwzGwWFoC7ycTf1rcQZHOlsJ6N8=
github.com/jmespath/go-jmespath/internal/testify v1.5.1/go.mod h1:L3OGu8Wl2/fWfCI6z80xFu9LTZmf1ZRjMHUOPmWr69U=
github.com/kr/pretty v0.3.1 h1:flRD4NNwYAUpkphVc1HcthR4KEIFJ65n8Mw5qdRn3LE=
github.com/kr/pretty v0.3.1/go.mod h1:hoEshYVHaxMs3cyo3Yncou5ZscifuDolrwPKZanG3xk=
github.com/kr/text v0.2.0 h1:5Nx0Ya0ZqY2ygV366QzturHI13Jq95ApcVaJBhpS+AY=
github.com/kr/text v0.2.0/go.mod h1:eLer722TekiGuMkidMxC/pM04lWEeraHUUmBw8l2grE=
github.com/magiconair/properties v1.8.7 h1:IeQXZAiQcpL9mgcAe1Nu6cX9LLw6ExEHKjN0VQdvPDY=
github.com/magiconair/properties v1.8.7/go.mod h1:Dhd985XPs7jluiymwWYZ0G4Z61jb3vdS329zhj2hYo0=
github.com/mitchellh/mapstructure v1.5.0 h1:jeMsZIYE/09sWLaz43PL7Gy6RuMjD2eJVyuac5Z2hdY=
github.com/mitchellh/mapstructure v1.5.0/go.mod h1:bFUtVrKA4DC2yAKiSyO/QUcy7e+RRV2QTWOzhPopBRo=
github.com/pelletier/go-toml/v2 v2.2.2 h1:aYUidT7k73Pcl9nb2gScu7NSrKCSHIDE89b3+6Wq+LM=
github.com/pelletier/go-toml/v2 v2.2.2/go.mod h1:1t835xjRzz80PqgE6HHgN2JOsmgYu/h4qDAS4n929Rs=
github.com/pmezard/go-difflib v1.0.0/go.mod h1:iKH77koFhYxTK1pcRnkKkqfTogsbg7gZNVY4sRDYZ/4=
github.com/pmezard/go-difflib v1.0.1-0.20181226105442-5d4384ee4fb2 h1:Jamvg5psRIccs7FGNTlIRMkT8wgtp5eCXdBlqhYGL6U=
github.com/pmezard/go-difflib v1.0.1-0.20181226105442-5d4384ee4fb2/go.mod h1:iKH77koFhYxTK1pcRnkKkqfTogsbg7gZNVY4sRDYZ/4=
github.com/rogpeppe/go-internal v1.9.0 h1:73kH8U+JUqXU8lRuOHeVHaa/SZPifC7BkcraZVejAe8=
github.com/rogpeppe/go-internal v1.9.0/go.mod h1:WtVeX8xhTBvf0smdhujwtBcq4Qrzq/fJaraNFVN+nFs=
github.com/sagikazarmark/locafero v0.4.0 h1:HApY1R9zGo4DBgr7dqsTH/JJxLTTsOt7u6keLGt6kNQ=
github.com/sagikazarmark/locafero v0.4.0/go.mod h1:Pe1W6UlPYUk/+wc/6KFhbORCfqzgYEpgQ3O5fPuL3H4=
github.com/sagikazarmark/slog-shim v0.1.0 h1:diDBnUNK9N/354PgrxMywXnAwEr1QZcOr6gto+ugjYE=
github.com/sagikazarmark/slog-shim v0.1.0/go.mod h1:SrcSrq8aKtyuqEI1uvTDTK1arOWRIczQRv+GVI1AkeQ=
github.com/sourcegraph/conc v0.3.0 h1:OQTbbt6P72L20UqAkXXuLOj79LfEanQ+YQFNpLA9ySo=
github.com/sourcegraph/conc v0.3.0/go.mod h1:Sdozi7LEKbFPqYX2/J+iBAM6HpqSLTASQIKqDmF7Mt0=
github.com/spf13/afero v1.11.0 h1:WJQKhtpdm3v2IzqG8VMqrr6Rf3UYpEF239Jy9wNepM8=
github.com/spf13/afero v1.11.0/go.mod h1:GH9Y3pIexgf1MTIWtNGyogA5MwRIDXGUr+hbWNoBjkY=
github.com/spf13/cast v1.6.0 h1:GEiTHELF+vaR5dhz3VqZfFSzZjYbgeKDpBxQVS4GYJ0=
github.com/spf13/cast v1.6.0/go.mod h1:ancEpBxwJDODSW/UG4rDrAqiKolqNNh2DX3mk86cAdo=
github.com/spf13/pflag v1.0.5 h1:iy+VFUOCP1a+8yFto/drg2CJ5u0yRoB7fZw3DKv/JXA=
github.com/spf13/pflag v1.0.5/go.mod h1:McXfInJRrz4CZXVZOBLb0bTZqETkiAhM9Iw0y3An2Bg=
github.com/spf13/viper v1.19.0 h1:RWq5SEjt8o25SROyN3z2OrDB9l7RPd3lwTWU8EcEdcI=
github.com/spf13/viper v1.19.0/go.mod h1:GQUN9bilAbhU/jgc1bKs99f/suXKeUMct8Adx5+Ntkg=
github.com/stretchr/objx v0.1.0/go.mod h1:HFkY916IF+rwdDfMAkV7OtwuqBVzrE8GR6GFx+wExME=
github.com/stretchr/objx v0.4.0/go.mod h1:YvHI0jy2hoMjB+UWwv71VJQ9isScKT/TqJzVSSt89Yw=
github.com/stretchr/objx v0.5.0/go.mod h1:Yh+to48EsGEfYuaHDzXPcE3xhTkx73EhmCGUpEOglKo=
github.com/stretchr/objx v0.5.2 h1:xuMeJ0Sdp5ZMRXx/aWO6RZxdr3beISkG5/G/aIRr3pY=
github.com/stretchr/objx v0.5.2/go.mod h1:FRsXN1f5AsAjCGJKqEizvkpNtU+EGNCLh3NxZ/8L+MA=
github.com/stretchr/testify v1.3.0/go.mod h1:M5WIy9Dh21IEIfnGCwXGc5bZfKNJtfHm1UVUgZn+9EI=
github.com/stretchr/testify v1.7.1/go.mod h1:6Fq8oRcR53rry900zMqJjRRixrwX3KX962/h/Wwjteg=
github.com/stretchr/testify v1.8.0/go.mod h1:yNjHg4UonilssWZ8iaSj1OCr/vHnekPRkoO+kdMU+MU=
github.com/stretchr/testify v1.8.4/go.mod h1:sz/lmYIOXD/1dqDmKjjqLyZ2RngseejIcXlSw2iwfAo=
github.com/stretchr/testify v1.9.0 h1:HtqpIVDClZ4nwg75+f6Lvsy/wHu+3BoSGCbBAcpTsTg=
github.com/stretchr/testify v1.9.0/go.mod h1:r2ic/lqez/lEtzL7wO/rwa5dbSLXVDPFyf8C91i36aY=
github.com/subosito/gotenv v1.6.0 h1:9NlTDc1FTs4qu0DDq7AEtTPNw6SVm7uBMsUCUjABIf8=
github.com/subosito/gotenv v1.6.0/go.mod h1:Dk4QP5c2W3ibzajGcXpNraDfq2IrhjMIvMSWPKKo0FU=
go.uber.org/atomic v1.9.0 h1:ECmE8Bn/WFTYwEW/bpKD3M8VtR/zQVbavAoalC1PYyE=
go.uber.org/atomic v1.9.0/go.mod h1:fEN4uk6kAWBTFdckzkM89CLk9XfWZrxpCo0nPH17wJc=
go.uber.org/multierr v1.9.0 h1:7fIwc/ZtS0q++VgcfqFDxSBZVv/Xo49/SYnDFupUwlI=
go.uber.org/multierr v1.9.0/go.mod h1:X2jQV1h+kxSjClGpnseKVIxpmcjrj7MNnI0bnlfKTVQ=
golang.org/x/crypto v0.28.0 h1:GBDwsMXVQi34v5CCYUm2jkJvu4cbtru2U4TN2PSyQnw=
golang.org/x/crypto v0.28.0/go.mod h1:rmgy+3RHxRZMyY0jjAJShp2zgEdOqj2AO7U0pYmeQ7U=
golang.org/x/exp v0.0.0-20230905200255-921286631fa9 h1:GoHiUyI/Tp2nVkLI2mCxVkOjsbSXD66ic0XW0js0R9g=
golang.org/x/exp v0.0.0-20230905200255-921286631fa9/go.mod h1:S2oDrQGGwySpoQPVqRShND87VCbxmc6bL1Yd2oYrm6k=
golang.org/x/sys v0.18.0 h1:DBdB3niSjOA/O0blCZBqDefyWNYveAYMNF1Wum0DYQ4=
golang.org/x/sys v0.18.0/go.mod h1:/VUhepiaJMQUp4+oa/7Zr1D23ma6VTLIYjOOTFZPUcA=
golang.org/x/sys v0.26.0 h1:KHjCJyddX0LoSTb3J+vWpupP9p0oznkqVk/IfjymZbo=
golang.org/x/sys v0.26.0/go.mod h1:/VUhepiaJMQUp4+oa/7Zr1D23ma6VTLIYjOOTFZPUcA=
golang.org/x/text v0.14.0 h1:ScX5w1eTa3QqT8oi6+ziP7dTV1S2+ALU0bI+0zXKWiQ=
golang.org/x/text v0.14.0/go.mod h1:18ZOQIKpY8NJVqYksKHtTdi31H5itFRjB5/qKTNYzSU=
golang.org/x/text v0.19.0 h1:kTxAhCbGbxhK0IwgSKiMO5awPoDQ0RpfiVYBfK860YM=
golang.org/x/text v0.19.0/go.mod h1:BuEKDfySbSR4drPmRPG/7iBdf8hvFMuRexcpahXilzY=
gopkg.in/check.v1 v0.0.0-20161208181325-20d25e280405/go.mod h1:Co6ibVJAznAaIkqp8huTwlJQCZ016jof/cbN4VW5Yz0=
gopkg.in/check.v1 v1.0.0-20190902080502-41f04d3bba15 h1:YR8cESwS4TdDjEe65xsg0ogRM/Nc3DYOhEAlW+xobZo=
gopkg.in/check.v1 v1.0.0-20190902080502-41f04d3bba15/go.mod h1:Co6ibVJAznAaIkqp8huTwlJQCZ016jof/cbN4VW5Yz0=
gopkg.in/ini.v1 v1.67.0 h1:Dgnx+6+nfE+IfzjUEISNeydPJh9AXNNsWbGP9KzCsOA=
gopkg.in/ini.v1 v1.67.0/go.mod h1:pNLf8WUiyNEtQjuu5G5vTm06TEv9tsIgeAvK8hOrP4k=
gopkg.in/yaml.v2 v2.2.8 h1:obN1ZagJSUGI0Ek/LBmuj4SNLPfIny3KsKFopxRdj10=
gopkg.in/yaml.v2 v2.2.8/go.mod h1:hI93XBmqTisBFMUTm0b8Fm+jr3Dg1NNxqwp+5A1VGuI=
gopkg.in/yaml.v3 v3.0.0-20200313102051-9f266ea9e77c/go.mod h1:K4uyk7z7BCEPqu6E+C64Yfv1cQ7kz7rIZviUmN+EgEM=
gopkg.in/yaml.v3 v3.0.1 h1:fxVm/GzAzEWqLHuvctI91KS9hhNmmWOoWu0XTYJS7CA=
gopkg.in/yaml.v3 v3.0.1/go.mod h1:K4uyk7z7BCEPqu6E+C64Yfv1cQ7kz7rIZviUmN+EgEM=
